
Microsoft Visual Studio Solution File, Format Version 12.00
# Visual Studio 15
VisualStudioVersion = 15.0.28307.1145
MinimumVisualStudioVersion = 10.0.40219.1
Project("{FAE04EC0-301F-11D3-BF4B-00C04F79EFBC}") = "Codewars", "codewars\Codewars.csproj", "{121B7BFC-D03A-4D80-A426-C793F02FE317}"
EndProject
Project("{FAE04EC0-301F-11D3-BF4B-00C04F79EFBC}") = "CodewarsTests", "CodewarsTests\CodewarsTests.csproj", "{CB52E0B6-AD17-4D51-A1F8-572ABAB75497}"
EndProject
Global
	GlobalSection(SolutionConfigurationPlatforms) = preSolution
		Debug|Any CPU = Debug|Any CPU
		Release|Any CPU = Release|Any CPU
	EndGlobalSection
	GlobalSection(ProjectConfigurationPlatforms) = postSolution
		{121B7BFC-D03A-4D80-A426-C793F02FE317}.Debug|Any CPU.ActiveCfg = Debug|Any CPU
		{121B7BFC-D03A-4D80-A426-C793F02FE317}.Debug|Any CPU.Build.0 = Debug|Any CPU
		{121B7BFC-D03A-4D80-A426-C793F02FE317}.Release|Any CPU.ActiveCfg = Release|Any CPU
		{121B7BFC-D03A-4D80-A426-C793F02FE317}.Release|Any CPU.Build.0 = Release|Any CPU
		{CB52E0B6-AD17-4D51-A1F8-572ABAB75497}.Debug|Any CPU.ActiveCfg = Debug|Any CPU
		{CB52E0B6-AD17-4D51-A1F8-572ABAB75497}.Debug|Any CPU.Build.0 = Debug|Any CPU
		{CB52E0B6-AD17-4D51-A1F8-572ABAB75497}.Release|Any CPU.ActiveCfg = Release|Any CPU
		{CB52E0B6-AD17-4D51-A1F8-572ABAB75497}.Release|Any CPU.Build.0 = Release|Any CPU
	EndGlobalSection
	GlobalSection(SolutionProperties) = preSolution
		HideSolutionNode = FALSE
	EndGlobalSection
	GlobalSection(ExtensibilityGlobals) = postSolution
		SolutionGuid = {2725691D-5346-46D3-9F8C-E7E7F02F64F9}
	EndGlobalSection
EndGlobal
